// !$*UTF8*$!
{
	archiveVersion = 1;
	classes = {
	};
	objectVersion = 77;
	objects = {

/* Begin PBXBuildFile section */
		0089DADF68B12CE0F3EA1115 /* Assets.xcassets in Resources */ = {isa = PBXBuildFile; fileRef = 4FC7C7928C3F0D74B1B9EFDB /* Assets.xcassets */; };
		7B871153D2444D667752FB47 /* Theme.swift in Sources */ = {isa = PBXBuildFile; fileRef = B59A619D4379AD3355AAF72B /* Theme.swift */; };
		7D933308AF319F9E1CD7C310 /* ContentView.swift in Sources */ = {isa = PBXBuildFile; fileRef = 00DB68D59072E3D5213296F1 /* ContentView.swift */; };
		BC1B882C5AC40DB1FC244A06 /* DashboardView.swift in Sources */ = {isa = PBXBuildFile; fileRef = 07F5395B730BB8D40CDB1BEC /* DashboardView.swift */; };
		C711FF9B93A27C856BE75F06 /* App.swift in Sources */ = {isa = PBXBuildFile; fileRef = 57CAF1AF76D9A09661BD0076 /* App.swift */; };
		DE3B42F690CCE3D88E02F334 /* ProjectsView.swift in Sources */ = {isa = PBXBuildFile; fileRef = 645D8054FA56942483048B8A /* ProjectsView.swift */; };
		E0FCAE4B4F7DD3223FC731E4 /* RecordView.swift in Sources */ = {isa = PBXBuildFile; fileRef = 5A945217DBFF31FE11DF9355 /* RecordView.swift */; };
		FF5F3ECEB15066F571C37056 /* LaunchScreen.storyboard in Resources */ = {isa = PBXBuildFile; fileRef = 8FB5687D6F1C58CADA098843 /* LaunchScreen.storyboard */; };
/* End PBXBuildFile section */

/* Begin PBXFileReference section */
		00DB68D59072E3D5213296F1 /* ContentView.swift */ = {isa = PBXFileReference; lastKnownFileType = sourcecode.swift; path = ContentView.swift; sourceTree = "<group>"; };
		07F5395B730BB8D40CDB1BEC /* DashboardView.swift */ = {isa = PBXFileReference; lastKnownFileType = sourcecode.swift; path = DashboardView.swift; sourceTree = "<group>"; };
		305122168590D3CEF9B0FC29 /* openambi-studio.app */ = {isa = PBXFileReference; includeInIndex = 0; lastKnownFileType = wrapper.application; path = "openambi-studio.app"; sourceTree = BUILT_PRODUCTS_DIR; };
		4FC7C7928C3F0D74B1B9EFDB /* Assets.xcassets */ = {isa = PBXFileReference; lastKnownFileType = folder.assetcatalog; path = Assets.xcassets; sourceTree = "<group>"; };
		57CAF1AF76D9A09661BD0076 /* App.swift */ = {isa = PBXFileReference; lastKnownFileType = sourcecode.swift; path = App.swift; sourceTree = "<group>"; };
		5A945217DBFF31FE11DF9355 /* RecordView.swift */ = {isa = PBXFileReference; lastKnownFileType = sourcecode.swift; path = RecordView.swift; sourceTree = "<group>"; };
		645D8054FA56942483048B8A /* ProjectsView.swift */ = {isa = PBXFileReference; lastKnownFileType = sourcecode.swift; path = ProjectsView.swift; sourceTree = "<group>"; };
		B50E43E64CAB991748B10CB3 /* Base */ = {isa = PBXFileReference; lastKnownFileType = file.storyboard; name = Base; path = Base.lproj/LaunchScreen.storyboard; sourceTree = "<group>"; };
		B59A619D4379AD3355AAF72B /* Theme.swift */ = {isa = PBXFileReference; lastKnownFileType = sourcecode.swift; path = Theme.swift; sourceTree = "<group>"; };
/* End PBXFileReference section */

/* Begin PBXGroup section */
		0BC6739315A1F5D2EDE49757 /* Products */ = {
			isa = PBXGroup;
			children = (
				305122168590D3CEF9B0FC29 /* openambi-studio.app */,
			);
			name = Products;
			sourceTree = "<group>";
		};
		0EB99F9EEE1DFD66E02DCDDC = {
			isa = PBXGroup;
			children = (
				5F436B51046481B1EEB5CE05 /* openambi-studio */,
				0BC6739315A1F5D2EDE49757 /* Products */,
			);
			sourceTree = "<group>";
		};
		5F436B51046481B1EEB5CE05 /* openambi-studio */ = {
			isa = PBXGroup;
			children = (
				57CAF1AF76D9A09661BD0076 /* App.swift */,
				4FC7C7928C3F0D74B1B9EFDB /* Assets.xcassets */,
				00DB68D59072E3D5213296F1 /* ContentView.swift */,
				07F5395B730BB8D40CDB1BEC /* DashboardView.swift */,
				8FB5687D6F1C58CADA098843 /* LaunchScreen.storyboard */,
				645D8054FA56942483048B8A /* ProjectsView.swift */,
				5A945217DBFF31FE11DF9355 /* RecordView.swift */,
				B59A619D4379AD3355AAF72B /* Theme.swift */,
			);
			path = "openambi-studio";
			sourceTree = "<group>";
		};
/* End PBXGroup section */

/* Begin PBXNativeTarget section */
		4AFC4523971C7DDC675E4635 /* openambi-studio */ = {
			isa = PBXNativeTarget;
			buildConfigurationList = B844196864BF477A46EB341B /* Build configuration list for PBXNativeTarget "openambi-studio" */;
			buildPhases = (
				08C8FA54299CB4DD71003EEB /* Sources */,
				7D78C0192875C328A9F64E32 /* Resources */,
			);
			buildRules = (
			);
			dependencies = (
			);
			name = "openambi-studio";
			packageProductDependencies = (
			);
			productName = "openambi-studio";
			productReference = 305122168590D3CEF9B0FC29 /* openambi-studio.app */;
			productType = "com.apple.product-type.application";
		};
/* End PBXNativeTarget section */

/* Begin PBXProject section */
		8EEF815603C9D2A9350A6E1F /* Project object */ = {
			isa = PBXProject;
			attributes = {
				BuildIndependentTargetsInParallel = YES;
				LastUpgradeCheck = 1430;
			};
			buildConfigurationList = 8C9923D8BA887DC0F88845CA /* Build configuration list for PBXProject "openambi-studio" */;
			compatibilityVersion = "Xcode 14.0";
			developmentRegion = en;
			hasScannedForEncodings = 0;
			knownRegions = (
				Base,
				en,
			);
			mainGroup = 0EB99F9EEE1DFD66E02DCDDC;
			minimizedProjectReferenceProxies = 1;
			preferredProjectObjectVersion = 77;
			projectDirPath = "";
			projectRoot = "";
			targets = (
				4AFC4523971C7DDC675E4635 /* openambi-studio */,
			);
		};
/* End PBXProject section */

/* Begin PBXResourcesBuildPhase section */
		7D78C0192875C328A9F64E32 /* Resources */ = {
			isa = PBXResourcesBuildPhase;
			buildActionMask = 2147483647;
			files = (
				0089DADF68B12CE0F3EA1115 /* Assets.xcassets in Resources */,
				FF5F3ECEB15066F571C37056 /* LaunchScreen.storyboard in Resources */,
			);
			runOnlyForDeploymentPostprocessing = 0;
		};
/* End PBXResourcesBuildPhase section */

/* Begin PBXSourcesBuildPhase section */
		08C8FA54299CB4DD71003EEB /* Sources */ = {
			isa = PBXSourcesBuildPhase;
			buildActionMask = 2147483647;
			files = (
				C711FF9B93A27C856BE75F06 /* App.swift in Sources */,
				7D933308AF319F9E1CD7C310 /* ContentView.swift in Sources */,
				BC1B882C5AC40DB1FC244A06 /* DashboardView.swift in Sources */,
				DE3B42F690CCE3D88E02F334 /* ProjectsView.swift in Sources */,
				E0FCAE4B4F7DD3223FC731E4 /* RecordView.swift in Sources */,
				7B871153D2444D667752FB47 /* Theme.swift in Sources */,
			);
			runOnlyForDeploymentPostprocessing = 0;
		};
/* End PBXSourcesBuildPhase section */

/* Begin PBXVariantGroup section */
		8FB5687D6F1C58CADA098843 /* LaunchScreen.storyboard */ = {
			isa = PBXVariantGroup;
			children = (
				B50E43E64CAB991748B10CB3 /* Base */,
			);
			name = LaunchScreen.storyboard;
			sourceTree = "<group>";
		};
/* End PBXVariantGroup section */

/* Begin XCBuildConfiguration section */
		1C2132A05B59913E0F20CE51 /* Debug */ = {
			isa = XCBuildConfiguration;
			buildSettings = {
				CURRENT_PROJECT_VERSION = 1;
				MARKETING_VERSION = 1.0;
				PRODUCT_BUNDLE_IDENTIFIER = com.example.openambistudio;
				PRODUCT_NAME = "openambi-studio";
				SDKROOT = iphoneos;
				SWIFT_VERSION = 5.0;
			};
			name = Debug;
		};
		246136642BA0EE751EDE9D8D /* Debug */ = {
			isa = XCBuildConfiguration;
			buildSettings = {
				GENERATE_INFOPLIST_FILE = YES;
				INFOPLIST_KEY_CFBundleDisplayName = "openambi-studio";
				INFOPLIST_KEY_UIApplicationSupportsIndirectInputEvents = YES;
				INFOPLIST_KEY_UILaunchStoryboardName = LaunchScreen;
				INFOPLIST_KEY_UISupportedInterfaceOrientations = "UIInterfaceOrientationPortrait UIInterfaceOrientationLandscapeLeft UIInterfaceOrientationLandscapeRight";
				INFOPLIST_KEY_UISupportedInterfaceOrientations_iPad = "UIInterfaceOrientationPortrait UIInterfaceOrientationPortraitUpsideDown UIInterfaceOrientationLandscapeLeft UIInterfaceOrientationLandscapeRight";
				IPHONEOS_DEPLOYMENT_TARGET = 17.0;
			};
			name = Debug;
		};
		4676AC221524D15203675BB1 /* Release */ = {
			isa = XCBuildConfiguration;
			buildSettings = {
				CURRENT_PROJECT_VERSION = 1;
				MARKETING_VERSION = 1.0;
				PRODUCT_BUNDLE_IDENTIFIER = com.example.openambistudio;
				PRODUCT_NAME = "openambi-studio";
				SDKROOT = iphoneos;
				SWIFT_VERSION = 5.0;
			};
			name = Release;
		};
		6277BDC2B749A16D4D4B59F3 /* Release */ = {
			isa = XCBuildConfiguration;
			buildSettings = {
				GENERATE_INFOPLIST_FILE = YES;
				INFOPLIST_KEY_CFBundleDisplayName = "openambi-studio";
				INFOPLIST_KEY_UIApplicationSupportsIndirectInputEvents = YES;
				INFOPLIST_KEY_UILaunchStoryboardName = LaunchScreen;
				INFOPLIST_KEY_UISupportedInterfaceOrientations = "UIInterfaceOrientationPortrait UIInterfaceOrientationLandscapeLeft UIInterfaceOrientationLandscapeRight";
				INFOPLIST_KEY_UISupportedInterfaceOrientations_iPad = "UIInterfaceOrientationPortrait UIInterfaceOrientationPortraitUpsideDown UIInterfaceOrientationLandscapeLeft UIInterfaceOrientationLandscapeRight";
				IPHONEOS_DEPLOYMENT_TARGET = 17.0;
			};
			name = Release;
		};
/* End XCBuildConfiguration section */

/* Begin XCConfigurationList section */
		8C9923D8BA887DC0F88845CA /* Build configuration list for PBXProject "openambi-studio" */ = {
			isa = XCConfigurationList;
			buildConfigurations = (
				1C2132A05B59913E0F20CE51 /* Debug */,
				4676AC221524D15203675BB1 /* Release */,
			);
			defaultConfigurationIsVisible = 0;
			defaultConfigurationName = Debug;
		};
		B844196864BF477A46EB341B /* Build configuration list for PBXNativeTarget "openambi-studio" */ = {
			isa = XCConfigurationList;
			buildConfigurations = (
				246136642BA0EE751EDE9D8D /* Debug */,
				6277BDC2B749A16D4D4B59F3 /* Release */,
			);
			defaultConfigurationIsVisible = 0;
			defaultConfigurationName = Debug;
		};
/* End XCConfigurationList section */
	};
	rootObject = 8EEF815603C9D2A9350A6E1F /* Project object */;
}
